// !$*UTF8*$!
{
	archiveVersion = 1;
	classes = {
	};
	objectVersion = 46;
	objects = {

/* Begin PBXBuildFile section */
		BF71B5471F4C1071007548E3 /* main.m in Sources */ = {isa = PBXBuildFile; fileRef = BF71B5461F4C1071007548E3 /* main.m */; };
		BF71B54A1F4C1071007548E3 /* AppDelegate.m in Sources */ = {isa = PBXBuildFile; fileRef = BF71B5491F4C1071007548E3 /* AppDelegate.m */; };
		BF71B54D1F4C1071007548E3 /* ViewController.m in Sources */ = {isa = PBXBuildFile; fileRef = BF71B54C1F4C1071007548E3 /* ViewController.m */; };
		BF71B5501F4C1071007548E3 /* Main.storyboard in Resources */ = {isa = PBXBuildFile; fileRef = BF71B54E1F4C1071007548E3 /* Main.storyboard */; };
		BF71B5521F4C1071007548E3 /* Assets.xcassets in Resources */ = {isa = PBXBuildFile; fileRef = BF71B5511F4C1071007548E3 /* Assets.xcassets */; };
		BF71B5551F4C1071007548E3 /* LaunchScreen.storyboard in Resources */ = {isa = PBXBuildFile; fileRef = BF71B5531F4C1071007548E3 /* LaunchScreen.storyboard */; };
		BF71B55F1F4C108D007548E3 /* ZCCircleView.m in Sources */ = {isa = PBXBuildFile; fileRef = BF71B55E1F4C108D007548E3 /* ZCCircleView.m */; };
/* End PBXBuildFile section */

/* Begin PBXFileReference section */
		BF71B5421F4C1071007548E3 /* ZCCircleView.app */ = {isa = PBXFileReference; explicitFileType = wrapper.application; includeInIndex = 0; path = ZCCircleView.app; sourceTree = BUILT_PRODUCTS_DIR; };
		BF71B5461F4C1071007548E3 /* main.m */ = {isa = PBXFileReference; lastKnownFileType = sourcecode.c.objc; path = main.m; sourceTree = "<group>"; };
		BF71B5481F4C1071007548E3 /* AppDelegate.h */ = {isa = PBXFileReference; lastKnownFileType = sourcecode.c.h; path = AppDelegate.h; sourceTree = "<group>"; };
		BF71B5491F4C1071007548E3 /* AppDelegate.m */ = {isa = PBXFileReference; lastKnownFileType = sourcecode.c.objc; path = AppDelegate.m; sourceTree = "<group>"; };
		BF71B54B1F4C1071007548E3 /* ViewController.h */ = {isa = PBXFileReference; lastKnownFileType = sourcecode.c.h; path = ViewController.h; sourceTree = "<group>"; };
		BF71B54C1F4C1071007548E3 /* ViewController.m */ = {isa = PBXFileReference; lastKnownFileType = sourcecode.c.objc; path = ViewController.m; sourceTree = "<group>"; };
		BF71B54F1F4C1071007548E3 /* Base */ = {isa = PBXFileReference; lastKnownFileType = file.storyboard; name = Base; path = Base.lproj/Main.storyboard; sourceTree = "<group>"; };
		BF71B5511F4C1071007548E3 /* Assets.xcassets */ = {isa = PBXFileReference; lastKnownFileType = folder.assetcatalog; path = Assets.xcassets; sourceTree = "<group>"; };
		BF71B5541F4C1071007548E3 /* Base */ = {isa = PBXFileReference; lastKnownFileType = file.storyboard; name = Base; path = Base.lproj/LaunchScreen.storyboard; sourceTree = "<group>"; };
		BF71B5561F4C1071007548E3 /* Info.plist */ = {isa = PBXFileReference; lastKnownFileType = text.plist.xml; path = Info.plist; sourceTree = "<group>"; };
		BF71B55D1F4C108D007548E3 /* ZCCircleView.h */ = {isa = PBXFileReference; fileEncoding = 4; lastKnownFileType = sourcecode.c.h; path = ZCCircleView.h; sourceTree = "<group>"; };
		BF71B55E1F4C108D007548E3 /* ZCCircleView.m */ = {isa = PBXFileReference; fileEncoding = 4; lastKnownFileType = sourcecode.c.objc; path = ZCCircleView.m; sourceTree = "<group>"; };
/* End PBXFileReference section */

/* Begin PBXFrameworksBuildPhase section */
		BF71B53F1F4C1071007548E3 /* Frameworks */ = {
			isa = PBXFrameworksBuildPhase;
			buildActionMask = 2147483647;
			files = (
			);
			runOnlyForDeploymentPostprocessing = 0;
		};
/* End PBXFrameworksBuildPhase section */

/* Begin PBXGroup section */
		BF71B5391F4C1071007548E3 = {
			isa = PBXGroup;
			children = (
				BF71B5441F4C1071007548E3 /* ZCCircleView */,
				BF71B5431F4C1071007548E3 /* Products */,
			);
			sourceTree = "<group>";
		};
		BF71B5431F4C1071007548E3 /* Products */ = {
			isa = PBXGroup;
			children = (
				BF71B5421F4C1071007548E3 /* ZCCircleView.app */,
			);
			name = Products;
			sourceTree = "<group>";
		};
		BF71B5441F4C1071007548E3 /* ZCCircleView */ = {
			isa = PBXGroup;
			children = (
				BF71B55C1F4C108D007548E3 /* ZCCircleView */,
				BF71B5481F4C1071007548E3 /* AppDelegate.h */,
				BF71B5491F4C1071007548E3 /* AppDelegate.m */,
				BF71B54B1F4C1071007548E3 /* ViewController.h */,
				BF71B54C1F4C1071007548E3 /* ViewController.m */,
				BF71B54E1F4C1071007548E3 /* Main.storyboard */,
				BF71B5511F4C1071007548E3 /* Assets.xcassets */,
				BF71B5531F4C1071007548E3 /* LaunchScreen.storyboard */,
				BF71B5561F4C1071007548E3 /* Info.plist */,
				BF71B5451F4C1071007548E3 /* Supporting Files */,
			);
			path = ZCCircleView;
			sourceTree = "<group>";
		};
		BF71B5451F4C1071007548E3 /* Supporting Files */ = {
			isa = PBXGroup;
			children = (
				BF71B5461F4C1071007548E3 /* main.m */,
			);
			name = "Supporting Files";
			sourceTree = "<group>";
		};
		BF71B55C1F4C108D007548E3 /* ZCCircleView */ = {
			isa = PBXGroup;
			children = (
				BF71B55D1F4C108D007548E3 /* ZCCircleView.h */,
				BF71B55E1F4C108D007548E3 /* ZCCircleView.m */,
			);
			path = ZCCircleView;
			sourceTree = "<group>";
		};
/* End PBXGroup section */

/* Begin PBXNativeTarget section */
		BF71B5411F4C1071007548E3 /* ZCCircleView */ = {
			isa = PBXNativeTarget;
			buildConfigurationList = BF71B5591F4C1071007548E3 /* Build configuration list for PBXNativeTarget "ZCCircleView" */;
			buildPhases = (
				BF71B53E1F4C1071007548E3 /* Sources */,
				BF71B53F1F4C1071007548E3 /* Frameworks */,
				BF71B5401F4C1071007548E3 /* Resources */,
			);
			buildRules = (
			);
			dependencies = (
			);
			name = ZCCircleView;
			productName = ZCCircleView;
			productReference = BF71B5421F4C1071007548E3 /* ZCCircleView.app */;
			productType = "com.apple.product-type.application";
		};
/* End PBXNativeTarget section */

/* Begin PBXProject section */
		BF71B53A1F4C1071007548E3 /* Project object */ = {
			isa = PBXProject;
			attributes = {
				LastUpgradeCheck = 0830;
				ORGANIZATIONNAME = YJTSuper;
				TargetAttributes = {
					BF71B5411F4C1071007548E3 = {
						CreatedOnToolsVersion = 8.3.3;
						DevelopmentTeam = 86WPXA9A4C;
						ProvisioningStyle = Automatic;
					};
				};
			};
			buildConfigurationList = BF71B53D1F4C1071007548E3 /* Build configuration list for PBXProject "ZCCircleView" */;
			compatibilityVersion = "Xcode 3.2";
			developmentRegion = English;
			hasScannedForEncodings = 0;
			knownRegions = (
				en,
				Base,
			);
			mainGroup = BF71B5391F4C1071007548E3;
			productRefGroup = BF71B5431F4C1071007548E3 /* Products */;
			projectDirPath = "";
			projectRoot = "";
			targets = (
				BF71B5411F4C1071007548E3 /* ZCCircleView */,
			);
		};
/* End PBXProject section */

/* Begin PBXResourcesBuildPhase section */
		BF71B5401F4C1071007548E3 /* Resources */ = {
			isa = PBXResourcesBuildPhase;
			buildActionMask = 2147483647;
			files = (
				BF71B5551F4C1071007548E3 /* LaunchScreen.storyboard in Resources */,
				BF71B5521F4C1071007548E3 /* Assets.xcassets in Resources */,
				BF71B5501F4C1071007548E3 /* Main.storyboard in Resources */,
			);
			runOnlyForDeploymentPostprocessing = 0;
		};
/* End PBXResourcesBuildPhase section */

/* Begin PBXSourcesBuildPhase section */
		BF71B53E1F4C1071007548E3 /* Sources */ = {
			isa = PBXSourcesBuildPhase;
			buildActionMask = 2147483647;
			files = (
				BF71B54D1F4C1071007548E3 /* ViewController.m in Sources */,
				BF71B54A1F4C1071007548E3 /* AppDelegate.m in Sources */,
				BF71B5471F4C1071007548E3 /* main.m in Sources */,
				BF71B55F1F4C108D007548E3 /* ZCCircleView.m in Sources */,
			);
			runOnlyForDeploymentPostprocessing = 0;
		};
/* End PBXSourcesBuildPhase section */

/* Begin PBXVariantGroup section */
		BF71B54E1F4C1071007548E3 /* Main.storyboard */ = {
			isa = PBXVariantGroup;
			children = (
				BF71B54F1F4C1071007548E3 /* Base */,
			);
			name = Main.storyboard;
			sourceTree = "<group>";
		};
		BF71B5531F4C1071007548E3 /* LaunchScreen.storyboard */ = {
			isa = PBXVariantGroup;
			children = (
				BF71B5541F4C1071007548E3 /* Base */,
			);
			name = LaunchScreen.storyboard;
			sourceTree = "<group>";
		};
/* End PBXVariantGroup section */

/* Begin XCBuildConfiguration section */
		BF71B5571F4C1071007548E3 /* Debug */ = {
			isa = XCBuildConfiguration;
			buildSettings = {
				ALWAYS_SEARCH_USER_PATHS = NO;
				CLANG_ANALYZER_NONNULL = YES;
				CLANG_ANALYZER_NUMBER_OBJECT_CONVERSION = YES_AGGRESSIVE;
				CLANG_CXX_LANGUAGE_STANDARD = "gnu++0x";
				CLANG_CXX_LIBRARY = "libc++";
				CLANG_ENABLE_MODULES = YES;
				CLANG_ENABLE_OBJC_ARC = YES;
				CLANG_WARN_BOOL_CONVERSION = YES;
				CLANG_WARN_CONSTANT_CONVERSION = YES;
				CLANG_WARN_DIRECT_OBJC_ISA_USAGE = YES_ERROR;
				CLANG_WARN_DOCUMENTATION_COMMENTS = YES;
				CLANG_WARN_EMPTY_BODY = YES;
				CLANG_WARN_ENUM_CONVERSION = YES;
				CLANG_WARN_INFINITE_RECURSION = YES;
				CLANG_WARN_INT_CONVERSION = YES;
				CLANG_WARN_OBJC_ROOT_CLASS = YES_ERROR;
				CLANG_WARN_SUSPICIOUS_MOVE = YES;
				CLANG_WARN_UNREACHABLE_CODE = YES;
				CLANG_WARN__DUPLICATE_METHOD_MATCH = YES;
				"CODE_SIGN_IDENTITY[sdk=iphoneos*]" = "iPhone Developer";
				COPY_PHASE_STRIP = NO;
				DEBUG_INFORMATION_FORMAT = dwarf;
				ENABLE_STRICT_OBJC_MSGSEND = YES;
				ENABLE_TESTABILITY = YES;
				GCC_C_LANGUAGE_STANDARD = gnu99;
				GCC_DYNAMIC_NO_PIC = NO;
				GCC_NO_COMMON_BLOCKS = YES;
				GCC_OPTIMIZATION_LEVEL = 0;
				GCC_PREPROCESSOR_DEFINITIONS = (
					"DEBUG=1",
					"$(inherited)",
				);
				GCC_WARN_64_TO_32_BIT_CONVERSION = YES;
				GCC_WARN_ABOUT_RETURN_TYPE = YES_ERROR;
				GCC_WARN_UNDECLARED_SELECTOR = YES;
				GCC_WARN_UNINITIALIZED_AUTOS = YES_AGGRESSIVE;
				GCC_WARN_UNUSED_FUNCTION = YES;
				GCC_WARN_UNUSED_VARIABLE = YES;
				IPHONEOS_DEPLOYMENT_TARGET = 10.3;
				MTL_ENABLE_DEBUG_INFO = YES;
				ONLY_ACTIVE_ARCH = YES;
				SDKROOT = iphoneos;
				TARGETED_DEVICE_FAMILY = "1,2";
			};
			name = Debug;
		};
		BF71B5581F4C1071007548E3 /* Release */ = {
			isa = XCBuildConfiguration;
			buildSettings = {
				ALWAYS_SEARCH_USER_PATHS = NO;
				CLANG_ANALYZER_NONNULL = YES;
				CLANG_ANALYZER_NUMBER_OBJECT_CONVERSION = YES_AGGRESSIVE;
				CLANG_CXX_LANGUAGE_STANDARD = "gnu++0x";
				CLANG_CXX_LIBRARY = "libc++";
				CLANG_ENABLE_MODULES = YES;
				CLANG_ENABLE_OBJC_ARC = YES;
				CLANG_WARN_BOOL_CONVERSION = YES;
				CLANG_WARN_CONSTANT_CONVERSION = YES;
				CLANG_WARN_DIRECT_OBJC_ISA_USAGE = YES_ERROR;
				CLANG_WARN_DOCUMENTATION_COMMENTS = YES;
				CLANG_WARN_EMPTY_BODY = YES;
				CLANG_WARN_ENUM_CONVERSION = YES;
				CLANG_WARN_INFINITE_RECURSION = YES;
				CLANG_WARN_INT_CONVERSION = YES;
				CLANG_WARN_OBJC_ROOT_CLASS = YES_ERROR;
				CLANG_WARN_SUSPICIOUS_MOVE = YES;
				CLANG_WARN_UNREACHABLE_CODE = YES;
				CLANG_WARN__DUPLICATE_METHOD_MATCH = YES;
				"CODE_SIGN_IDENTITY[sdk=iphoneos*]" = "iPhone Developer";
				COPY_PHASE_STRIP = NO;
				DEBUG_INFORMATION_FORMAT = "dwarf-with-dsym";
				ENABLE_NS_ASSERTIONS = NO;
				ENABLE_STRICT_OBJC_MSGSEND = YES;
				GCC_C_LANGUAGE_STANDARD = gnu99;
				GCC_NO_COMMON_BLOCKS = YES;
				GCC_WARN_64_TO_32_BIT_CONVERSION = YES;
				GCC_WARN_ABOUT_RETURN_TYPE = YES_ERROR;
				GCC_WARN_UNDECLARED_SELECTOR = YES;
				GCC_WARN_UNINITIALIZED_AUTOS = YES_AGGRESSIVE;
				GCC_WARN_UNUSED_FUNCTION = YES;
				GCC_WARN_UNUSED_VARIABLE = YES;
				IPHONEOS_DEPLOYMENT_TARGET = 10.3;
				MTL_ENABLE_DEBUG_INFO = NO;
				SDKROOT = iphoneos;
				TARGETED_DEVICE_FAMILY = "1,2";
				VALIDATE_PRODUCT = YES;
			};
			name = Release;
		};
		BF71B55A1F4C1071007548E3 /* Debug */ = {
			isa = XCBuildConfiguration;
			buildSettings = {
				ASSETCATALOG_COMPILER_APPICON_NAME = AppIcon;
				DEVELOPMENT_TEAM = 86WPXA9A4C;
				INFOPLIST_FILE = ZCCircleView/Info.plist;
				LD_RUNPATH_SEARCH_PATHS = "$(inherited) @executable_path/Frameworks";
				PRODUCT_BUNDLE_IDENTIFIER = Super.ZCCircleView;
				PRODUCT_NAME = "$(TARGET_NAME)";
			};
			name = Debug;
		};
		BF71B55B1F4C1071007548E3 /* Release */ = {
			isa = XCBuildConfiguration;
			buildSettings = {
				ASSETCATALOG_COMPILER_APPICON_NAME = AppIcon;
				DEVELOPMENT_TEAM = 86WPXA9A4C;
				INFOPLIST_FILE = ZCCircleView/Info.plist;
				LD_RUNPATH_SEARCH_PATHS = "$(inherited) @executable_path/Frameworks";
				PRODUCT_BUNDLE_IDENTIFIER = Super.ZCCircleView;
				PRODUCT_NAME = "$(TARGET_NAME)";
			};
			name = Release;
		};
/* End XCBuildConfiguration section */

/* Begin XCConfigurationList section */
		BF71B53D1F4C1071007548E3 /* Build configuration list for PBXProject "ZCCircleView" */ = {
			isa = XCConfigurationList;
			buildConfigurations = (
				BF71B5571F4C1071007548E3 /* Debug */,
				BF71B5581F4C1071007548E3 /* Release */,
			);
			defaultConfigurationIsVisible = 0;
			defaultConfigurationName = Release;
		};
		BF71B5591F4C1071007548E3 /* Build configuration list for PBXNativeTarget "ZCCircleView" */ = {
			isa = XCConfigurationList;
			buildConfigurations = (
				BF71B55A1F4C1071007548E3 /* Debug */,
				BF71B55B1F4C1071007548E3 /* Release */,
			);
			defaultConfigurationIsVisible = 0;
		};
/* End XCConfigurationList section */
	};
	rootObject = BF71B53A1F4C1071007548E3 /* Project object */;
}
